<?xml version="1.0" encoding="utf-8"?>
<Project ToolsVersion="4.0" xmlns="http://schemas.microsoft.com/developer/msbuild/2003">
  <ItemGroup>
    <Filter Include="Source Files">
      <UniqueIdentifier>{4FC737F1-C7A5-4376-A066-2A32D752A2FF}</UniqueIdentifier>
      <Extensions>cpp;c;cc;cxx;c++;cppm;ixx;def;odl;idl;hpj;bat;asm;asmx</Extensions>
    </Filter>
    <Filter Include="Header Files">
      <UniqueIdentifier>{93995380-89BD-4b04-88EB-625FBE52EBFB}</UniqueIdentifier>
      <Extensions>h;hh;hpp;hxx;h++;hm;inl;inc;ipp;xsd</Extensions>
    </Filter>
    <Filter Include="Resource Files">
      <UniqueIdentifier>{67DA6AB6-F800-4c08-8B7A-83BB121AAD01}</UniqueIdentifier>
      <Extensions>rc;ico;cur;bmp;dlg;rc2;rct;bin;rgs;gif;jpg;jpeg;jpe;resx;tiff;tif;png;wav;mfcribbon-ms</Extensions>
    </Filter>
    <Filter Include="Shader">
      <UniqueIdentifier>{ef769f85-f5d8-46c3-b5d9-0255892e3fd5}</UniqueIdentifier>
    </Filter>
    <Filter Include="Header Files\Macros">
      <UniqueIdentifier>{2a281ea8-5365-4416-93af-acb9e62f20c0}</UniqueIdentifier>
    </Filter>
  </ItemGroup>
  <ItemGroup>
    <ClCompile Include="src\main.cpp">
      <Filter>Source Files</Filter>
    </ClCompile>
    <ClCompile Include="src\RenderingPipelineDX11PCH.cpp">
      <Filter>Source Files</Filter>
    </ClCompile>
    <ClCompile Include="src\Window.cpp">
      <Filter>Source Files</Filter>
    </ClCompile>
    <ClCompile Include="src\SGD3DException.cpp">
      <Filter>Source Files</Filter>
    </ClCompile>
    <ClCompile Include="src\App.cpp">
      <Filter>Source Files</Filter>
    </ClCompile>
    <ClCompile Include="src\Keyboard.cpp">
      <Filter>Source Files</Filter>
    </ClCompile>
    <ClCompile Include="src\Mouse.cpp">
      <Filter>Source Files</Filter>
    </ClCompile>
    <ClCompile Include="src\Graphics.cpp">
      <Filter>Source Files</Filter>
    </ClCompile>
    <ClCompile Include="src\GraphicsResource.cpp">
      <Filter>Source Files</Filter>
    </ClCompile>
    <ClCompile Include="inc\dxerr.cpp">
      <Filter>Source Files</Filter>
    </ClCompile>
    <ClCompile Include="src\DxgiInfoManager.cpp">
      <Filter>Source Files</Filter>
    </ClCompile>
  </ItemGroup>
  <ItemGroup>
    <ClInclude Include="inc\RenderingPipelineDX11PCH.h">
      <Filter>Header Files</Filter>
    </ClInclude>
    <ClInclude Include="inc\SGD3DException.h">
      <Filter>Header Files</Filter>
    </ClInclude>
    <ClInclude Include="inc\App.h">
      <Filter>Header Files</Filter>
    </ClInclude>
    <ClInclude Include="inc\Keyboard.h">
      <Filter>Header Files</Filter>
    </ClInclude>
    <ClInclude Include="inc\Window.h">
      <Filter>Header Files</Filter>
    </ClInclude>
    <ClInclude Include="inc\Mouse.h">
      <Filter>Header Files</Filter>
    </ClInclude>
    <ClInclude Include="inc\Graphics.h">
      <Filter>Header Files</Filter>
    </ClInclude>
    <ClInclude Include="inc\GraphicsResource.h">
      <Filter>Header Files</Filter>
    </ClInclude>
    <ClInclude Include="inc\dxerr.h">
      <Filter>Header Files</Filter>
    </ClInclude>
    <ClInclude Include="inc\DxgiInfoManager.h">
      <Filter>Header Files</Filter>
    </ClInclude>
    <ClInclude Include="inc\Macros\WindowsThrowMacros.h">
      <Filter>Header Files\Macros</Filter>
    </ClInclude>
    <ClInclude Include="inc\Macros\GraphicsThrowMacros.h">
      <Filter>Header Files\Macros</Filter>
    </ClInclude>
  </ItemGroup>
  <ItemGroup>
    <None Include="inc\DXGetErrorDescription.inl">
      <Filter>Header Files</Filter>
    </None>
    <None Include="inc\DXGetErrorString.inl">
      <Filter>Header Files</Filter>
    </None>
    <None Include="inc\DXTrace.inl">
      <Filter>Header Files</Filter>
    </None>
  </ItemGroup>
  <ItemGroup>
    <FxCompile Include="Shaders\VertexShader.hlsl">
      <Filter>Shader</Filter>
    </FxCompile>
    <FxCompile Include="Shaders\PixelShader.hlsl">
      <Filter>Shader</Filter>
    </FxCompile>
  </ItemGroup>
</Project>